
Microsoft Visual Studio Solution File, Format Version 12.00
# Visual Studio Version 17
VisualStudioVersion = 17.12.35521.163 d17.12
MinimumVisualStudioVersion = 10.0.40219.1
Project("{FAE04EC0-301F-11D3-BF4B-00C04F79EFBC}") = "Pong_Game", "Pong_Game\Pong_Game.csproj", "{DA18CFBD-D055-4852-A05A-646CC0D3BD05}"
EndProject
Global
	GlobalSection(SolutionConfigurationPlatforms) = preSolution
		Debug|Any CPU = Debug|Any CPU
		Release|Any CPU = Release|Any CPU
	EndGlobalSection
	GlobalSection(ProjectConfigurationPlatforms) = postSolution
		{DA18CFBD-D055-4852-A05A-646CC0D3BD05}.Debug|Any CPU.ActiveCfg = Debug|Any CPU
		{DA18CFBD-D055-4852-A05A-646CC0D3BD05}.Debug|Any CPU.Build.0 = Debug|Any CPU
		{DA18CFBD-D055-4852-A05A-646CC0D3BD05}.Release|Any CPU.ActiveCfg = Release|Any CPU
		{DA18CFBD-D055-4852-A05A-646CC0D3BD05}.Release|Any CPU.Build.0 = Release|Any CPU
	EndGlobalSection
	GlobalSection(SolutionProperties) = preSolution
		HideSolutionNode = FALSE
	EndGlobalSection
EndGlobal
